{
  "name": "@unikbase/react-token-hash",
  "version": "1.0.8",
  "lockfileVersion": 3,
  "requires": true,
  "packages": {
    "": {
      "name": "@unikbase/react-token-hash",
      "version": "1.0.8",
      "license": "ISC",
      "dependencies": {
        "@types/crypto-js": "^4.1.1",
        "crypto-js": "^4.1.1",
        "json-canonicalize": "^1.0.6",
        "multihashes": "^4.0.3"
      }
    },
    "node_modules/@multiformats/base-x": {
      "version": "4.0.1",
      "license": "MIT"
    },
    "node_modules/@types/crypto-js": {
      "version": "4.1.2",
      "license": "MIT"
    },
    "node_modules/crypto-js": {
      "version": "4.1.1",
      "license": "MIT"
    },
    "node_modules/json-canonicalize": {
      "version": "1.0.6",
      "license": "MIT"
    },
    "node_modules/multibase": {
      "version": "4.0.6",
      "license": "MIT",
      "dependencies": {
        "@multiformats/base-x": "^4.0.1"
      },
      "engines": {
        "node": ">=12.0.0",
        "npm": ">=6.0.0"
      }
    },
    "node_modules/multiformats": {
      "version": "9.9.0",
      "license": "(Apache-2.0 AND MIT)"
    },
    "node_modules/multihashes": {
      "version": "4.0.3",
      "license": "MIT",
      "dependencies": {
        "multibase": "^4.0.1",
        "uint8arrays": "^3.0.0",
        "varint": "^5.0.2"
      },
      "engines": {
        "node": ">=12.0.0",
        "npm": ">=6.0.0"
      }
    },
    "node_modules/uint8arrays": {
      "version": "3.1.1",
      "license": "MIT",
      "dependencies": {
        "multiformats": "^9.4.2"
      }
    },
    "node_modules/varint": {
      "version": "5.0.2",
      "license": "MIT"
    }
  }
}
